
Microsoft Visual Studio Solution File, Format Version 12.00
Project("{FAE04EC0-301F-11D3-BF4B-00C04F79EFBC}") = "Kolokwium", "Kolokwium\Kolokwium.csproj", "{0ADD1801-814A-4918-8323-2A745C0D36D5}"
EndProject
Global
	GlobalSection(SolutionConfigurationPlatforms) = preSolution
		Debug|Any CPU = Debug|Any CPU
		Release|Any CPU = Release|Any CPU
	EndGlobalSection
	GlobalSection(ProjectConfigurationPlatforms) = postSolution
		{0ADD1801-814A-4918-8323-2A745C0D36D5}.Debug|Any CPU.ActiveCfg = Debug|Any CPU
		{0ADD1801-814A-4918-8323-2A745C0D36D5}.Debug|Any CPU.Build.0 = Debug|Any CPU
		{0ADD1801-814A-4918-8323-2A745C0D36D5}.Release|Any CPU.ActiveCfg = Release|Any CPU
		{0ADD1801-814A-4918-8323-2A745C0D36D5}.Release|Any CPU.Build.0 = Release|Any CPU
	EndGlobalSection
EndGlobal
